
Microsoft Visual Studio Solution File, Format Version 12.00
# Visual Studio Version 16
VisualStudioVersion = 16.0.30204.135
MinimumVisualStudioVersion = 10.0.40219.1
Project("{FAE04EC0-301F-11D3-BF4B-00C04F79EFBC}") = "SEParaPeliculas", "SEParaPeliculas.csproj", "{997BF038-C70F-4DCF-BC39-49056B722244}"
EndProject
Global
	GlobalSection(SolutionConfigurationPlatforms) = preSolution
		Debug|Any CPU = Debug|Any CPU
		Release|Any CPU = Release|Any CPU
	EndGlobalSection
	GlobalSection(ProjectConfigurationPlatforms) = postSolution
		{997BF038-C70F-4DCF-BC39-49056B722244}.Debug|Any CPU.ActiveCfg = Debug|Any CPU
		{997BF038-C70F-4DCF-BC39-49056B722244}.Debug|Any CPU.Build.0 = Debug|Any CPU
		{997BF038-C70F-4DCF-BC39-49056B722244}.Release|Any CPU.ActiveCfg = Release|Any CPU
		{997BF038-C70F-4DCF-BC39-49056B722244}.Release|Any CPU.Build.0 = Release|Any CPU
	EndGlobalSection
	GlobalSection(SolutionProperties) = preSolution
		HideSolutionNode = FALSE
	EndGlobalSection
	GlobalSection(ExtensibilityGlobals) = postSolution
		SolutionGuid = {5B1DE2ED-151F-442A-81AC-3BE5689D0A36}
	EndGlobalSection
EndGlobal
